// !$*UTF8*$!
{
	archiveVersion = 1;
	classes = {
	};
	objectVersion = 46;
	objects = {

/* Begin PBXBuildFile section */
		8ADD0D4D1B53D5F800B1F87D /* main.m in Sources */ = {isa = PBXBuildFile; fileRef = 8ADD0D4C1B53D5F800B1F87D /* main.m */; };
		8ADD0D501B53D5F800B1F87D /* AppDelegate.m in Sources */ = {isa = PBXBuildFile; fileRef = 8ADD0D4F1B53D5F800B1F87D /* AppDelegate.m */; };
		8ADD0D531B53D5F800B1F87D /* FirstViewController.m in Sources */ = {isa = PBXBuildFile; fileRef = 8ADD0D521B53D5F800B1F87D /* FirstViewController.m */; };
		8ADD0D561B53D5F800B1F87D /* SecondViewController.m in Sources */ = {isa = PBXBuildFile; fileRef = 8ADD0D551B53D5F800B1F87D /* SecondViewController.m */; };
		8ADD0D591B53D5F800B1F87D /* Main.storyboard in Resources */ = {isa = PBXBuildFile; fileRef = 8ADD0D571B53D5F800B1F87D /* Main.storyboard */; };
		8ADD0D5B1B53D5F800B1F87D /* Images.xcassets in Resources */ = {isa = PBXBuildFile; fileRef = 8ADD0D5A1B53D5F800B1F87D /* Images.xcassets */; };
		8ADD0D5E1B53D5F800B1F87D /* LaunchScreen.xib in Resources */ = {isa = PBXBuildFile; fileRef = 8ADD0D5C1B53D5F800B1F87D /* LaunchScreen.xib */; };
		8ADD0D6A1B53D5F800B1F87D /* LayerDemoTests.m in Sources */ = {isa = PBXBuildFile; fileRef = 8ADD0D691B53D5F800B1F87D /* LayerDemoTests.m */; };
/* End PBXBuildFile section */

/* Begin PBXContainerItemProxy section */
		8ADD0D641B53D5F800B1F87D /* PBXContainerItemProxy */ = {
			isa = PBXContainerItemProxy;
			containerPortal = 8ADD0D3F1B53D5F800B1F87D /* Project object */;
			proxyType = 1;
			remoteGlobalIDString = 8ADD0D461B53D5F800B1F87D;
			remoteInfo = LayerDemo;
		};
/* End PBXContainerItemProxy section */

/* Begin PBXFileReference section */
		8ADD0D471B53D5F800B1F87D /* LayerDemo.app */ = {isa = PBXFileReference; explicitFileType = wrapper.application; includeInIndex = 0; path = LayerDemo.app; sourceTree = BUILT_PRODUCTS_DIR; };
		8ADD0D4B1B53D5F800B1F87D /* Info.plist */ = {isa = PBXFileReference; lastKnownFileType = text.plist.xml; path = Info.plist; sourceTree = "<group>"; };
		8ADD0D4C1B53D5F800B1F87D /* main.m */ = {isa = PBXFileReference; lastKnownFileType = sourcecode.c.objc; path = main.m; sourceTree = "<group>"; };
		8ADD0D4E1B53D5F800B1F87D /* AppDelegate.h */ = {isa = PBXFileReference; lastKnownFileType = sourcecode.c.h; path = AppDelegate.h; sourceTree = "<group>"; };
		8ADD0D4F1B53D5F800B1F87D /* AppDelegate.m */ = {isa = PBXFileReference; lastKnownFileType = sourcecode.c.objc; path = AppDelegate.m; sourceTree = "<group>"; };
		8ADD0D511B53D5F800B1F87D /* FirstViewController.h */ = {isa = PBXFileReference; lastKnownFileType = sourcecode.c.h; path = FirstViewController.h; sourceTree = "<group>"; };
		8ADD0D521B53D5F800B1F87D /* FirstViewController.m */ = {isa = PBXFileReference; lastKnownFileType = sourcecode.c.objc; path = FirstViewController.m; sourceTree = "<group>"; };
		8ADD0D541B53D5F800B1F87D /* SecondViewController.h */ = {isa = PBXFileReference; lastKnownFileType = sourcecode.c.h; path = SecondViewController.h; sourceTree = "<group>"; };
		8ADD0D551B53D5F800B1F87D /* SecondViewController.m */ = {isa = PBXFileReference; lastKnownFileType = sourcecode.c.objc; path = SecondViewController.m; sourceTree = "<group>"; };
		8ADD0D581B53D5F800B1F87D /* Base */ = {isa = PBXFileReference; lastKnownFileType = file.storyboard; name = Base; path = Base.lproj/Main.storyboard; sourceTree = "<group>"; };
		8ADD0D5A1B53D5F800B1F87D /* Images.xcassets */ = {isa = PBXFileReference; lastKnownFileType = folder.assetcatalog; path = Images.xcassets; sourceTree = "<group>"; };
		8ADD0D5D1B53D5F800B1F87D /* Base */ = {isa = PBXFileReference; lastKnownFileType = file.xib; name = Base; path = Base.lproj/LaunchScreen.xib; sourceTree = "<group>"; };
		8ADD0D631B53D5F800B1F87D /* LayerDemoTests.xctest */ = {isa = PBXFileReference; explicitFileType = wrapper.cfbundle; includeInIndex = 0; path = LayerDemoTests.xctest; sourceTree = BUILT_PRODUCTS_DIR; };
		8ADD0D681B53D5F800B1F87D /* Info.plist */ = {isa = PBXFileReference; lastKnownFileType = text.plist.xml; path = Info.plist; sourceTree = "<group>"; };
		8ADD0D691B53D5F800B1F87D /* LayerDemoTests.m */ = {isa = PBXFileReference; lastKnownFileType = sourcecode.c.objc; path = LayerDemoTests.m; sourceTree = "<group>"; };
/* End PBXFileReference section */

/* Begin PBXFrameworksBuildPhase section */
		8ADD0D441B53D5F800B1F87D /* Frameworks */ = {
			isa = PBXFrameworksBuildPhase;
			buildActionMask = 2147483647;
			files = (
			);
			runOnlyForDeploymentPostprocessing = 0;
		};
		8ADD0D601B53D5F800B1F87D /* Frameworks */ = {
			isa = PBXFrameworksBuildPhase;
			buildActionMask = 2147483647;
			files = (
			);
			runOnlyForDeploymentPostprocessing = 0;
		};
/* End PBXFrameworksBuildPhase section */

/* Begin PBXGroup section */
		8ADD0D3E1B53D5F800B1F87D = {
			isa = PBXGroup;
			children = (
				8ADD0D491B53D5F800B1F87D /* LayerDemo */,
				8ADD0D661B53D5F800B1F87D /* LayerDemoTests */,
				8ADD0D481B53D5F800B1F87D /* Products */,
			);
			sourceTree = "<group>";
		};
		8ADD0D481B53D5F800B1F87D /* Products */ = {
			isa = PBXGroup;
			children = (
				8ADD0D471B53D5F800B1F87D /* LayerDemo.app */,
				8ADD0D631B53D5F800B1F87D /* LayerDemoTests.xctest */,
			);
			name = Products;
			sourceTree = "<group>";
		};
		8ADD0D491B53D5F800B1F87D /* LayerDemo */ = {
			isa = PBXGroup;
			children = (
				8ADD0D4E1B53D5F800B1F87D /* AppDelegate.h */,
				8ADD0D4F1B53D5F800B1F87D /* AppDelegate.m */,
				8ADD0D511B53D5F800B1F87D /* FirstViewController.h */,
				8ADD0D521B53D5F800B1F87D /* FirstViewController.m */,
				8ADD0D541B53D5F800B1F87D /* SecondViewController.h */,
				8ADD0D551B53D5F800B1F87D /* SecondViewController.m */,
				8ADD0D571B53D5F800B1F87D /* Main.storyboard */,
				8ADD0D5A1B53D5F800B1F87D /* Images.xcassets */,
				8ADD0D5C1B53D5F800B1F87D /* LaunchScreen.xib */,
				8ADD0D4A1B53D5F800B1F87D /* Supporting Files */,
			);
			path = LayerDemo;
			sourceTree = "<group>";
		};
		8ADD0D4A1B53D5F800B1F87D /* Supporting Files */ = {
			isa = PBXGroup;
			children = (
				8ADD0D4B1B53D5F800B1F87D /* Info.plist */,
				8ADD0D4C1B53D5F800B1F87D /* main.m */,
			);
			name = "Supporting Files";
			sourceTree = "<group>";
		};
		8ADD0D661B53D5F800B1F87D /* LayerDemoTests */ = {
			isa = PBXGroup;
			children = (
				8ADD0D691B53D5F800B1F87D /* LayerDemoTests.m */,
				8ADD0D671B53D5F800B1F87D /* Supporting Files */,
			);
			path = LayerDemoTests;
			sourceTree = "<group>";
		};
		8ADD0D671B53D5F800B1F87D /* Supporting Files */ = {
			isa = PBXGroup;
			children = (
				8ADD0D681B53D5F800B1F87D /* Info.plist */,
			);
			name = "Supporting Files";
			sourceTree = "<group>";
		};
/* End PBXGroup section */

/* Begin PBXNativeTarget section */
		8ADD0D461B53D5F800B1F87D /* LayerDemo */ = {
			isa = PBXNativeTarget;
			buildConfigurationList = 8ADD0D6D1B53D5F800B1F87D /* Build configuration list for PBXNativeTarget "LayerDemo" */;
			buildPhases = (
				8ADD0D431B53D5F800B1F87D /* Sources */,
				8ADD0D441B53D5F800B1F87D /* Frameworks */,
				8ADD0D451B53D5F800B1F87D /* Resources */,
			);
			buildRules = (
			);
			dependencies = (
			);
			name = LayerDemo;
			productName = LayerDemo;
			productReference = 8ADD0D471B53D5F800B1F87D /* LayerDemo.app */;
			productType = "com.apple.product-type.application";
		};
		8ADD0D621B53D5F800B1F87D /* LayerDemoTests */ = {
			isa = PBXNativeTarget;
			buildConfigurationList = 8ADD0D701B53D5F800B1F87D /* Build configuration list for PBXNativeTarget "LayerDemoTests" */;
			buildPhases = (
				8ADD0D5F1B53D5F800B1F87D /* Sources */,
				8ADD0D601B53D5F800B1F87D /* Frameworks */,
				8ADD0D611B53D5F800B1F87D /* Resources */,
			);
			buildRules = (
			);
			dependencies = (
				8ADD0D651B53D5F800B1F87D /* PBXTargetDependency */,
			);
			name = LayerDemoTests;
			productName = LayerDemoTests;
			productReference = 8ADD0D631B53D5F800B1F87D /* LayerDemoTests.xctest */;
			productType = "com.apple.product-type.bundle.unit-test";
		};
/* End PBXNativeTarget section */

/* Begin PBXProject section */
		8ADD0D3F1B53D5F800B1F87D /* Project object */ = {
			isa = PBXProject;
			attributes = {
				LastUpgradeCheck = 0640;
				ORGANIZATIONNAME = xiaojingyuan;
				TargetAttributes = {
					8ADD0D461B53D5F800B1F87D = {
						CreatedOnToolsVersion = 6.4;
					};
					8ADD0D621B53D5F800B1F87D = {
						CreatedOnToolsVersion = 6.4;
						TestTargetID = 8ADD0D461B53D5F800B1F87D;
					};
				};
			};
			buildConfigurationList = 8ADD0D421B53D5F800B1F87D /* Build configuration list for PBXProject "LayerDemo" */;
			compatibilityVersion = "Xcode 3.2";
			developmentRegion = English;
			hasScannedForEncodings = 0;
			knownRegions = (
				en,
				Base,
			);
			mainGroup = 8ADD0D3E1B53D5F800B1F87D;
			productRefGroup = 8ADD0D481B53D5F800B1F87D /* Products */;
			projectDirPath = "";
			projectRoot = "";
			targets = (
				8ADD0D461B53D5F800B1F87D /* LayerDemo */,
				8ADD0D621B53D5F800B1F87D /* LayerDemoTests */,
			);
		};
/* End PBXProject section */

/* Begin PBXResourcesBuildPhase section */
		8ADD0D451B53D5F800B1F87D /* Resources */ = {
			isa = PBXResourcesBuildPhase;
			buildActionMask = 2147483647;
			files = (
				8ADD0D591B53D5F800B1F87D /* Main.storyboard in Resources */,
				8ADD0D5E1B53D5F800B1F87D /* LaunchScreen.xib in Resources */,
				8ADD0D5B1B53D5F800B1F87D /* Images.xcassets in Resources */,
			);
			runOnlyForDeploymentPostprocessing = 0;
		};
		8ADD0D611B53D5F800B1F87D /* Resources */ = {
			isa = PBXResourcesBuildPhase;
			buildActionMask = 2147483647;
			files = (
			);
			runOnlyForDeploymentPostprocessing = 0;
		};
/* End PBXResourcesBuildPhase section */

/* Begin PBXSourcesBuildPhase section */
		8ADD0D431B53D5F800B1F87D /* Sources */ = {
			isa = PBXSourcesBuildPhase;
			buildActionMask = 2147483647;
			files = (
				8ADD0D561B53D5F800B1F87D /* SecondViewController.m in Sources */,
				8ADD0D501B53D5F800B1F87D /* AppDelegate.m in Sources */,
				8ADD0D531B53D5F800B1F87D /* FirstViewController.m in Sources */,
				8ADD0D4D1B53D5F800B1F87D /* main.m in Sources */,
			);
			runOnlyForDeploymentPostprocessing = 0;
		};
		8ADD0D5F1B53D5F800B1F87D /* Sources */ = {
			isa = PBXSourcesBuildPhase;
			buildActionMask = 2147483647;
			files = (
				8ADD0D6A1B53D5F800B1F87D /* LayerDemoTests.m in Sources */,
			);
			runOnlyForDeploymentPostprocessing = 0;
		};
/* End PBXSourcesBuildPhase section */

/* Begin PBXTargetDependency section */
		8ADD0D651B53D5F800B1F87D /* PBXTargetDependency */ = {
			isa = PBXTargetDependency;
			target = 8ADD0D461B53D5F800B1F87D /* LayerDemo */;
			targetProxy = 8ADD0D641B53D5F800B1F87D /* PBXContainerItemProxy */;
		};
/* End PBXTargetDependency section */

/* Begin PBXVariantGroup section */
		8ADD0D571B53D5F800B1F87D /* Main.storyboard */ = {
			isa = PBXVariantGroup;
			children = (
				8ADD0D581B53D5F800B1F87D /* Base */,
			);
			name = Main.storyboard;
			sourceTree = "<group>";
		};
		8ADD0D5C1B53D5F800B1F87D /* LaunchScreen.xib */ = {
			isa = PBXVariantGroup;
			children = (
				8ADD0D5D1B53D5F800B1F87D /* Base */,
			);
			name = LaunchScreen.xib;
			sourceTree = "<group>";
		};
/* End PBXVariantGroup section */

/* Begin XCBuildConfiguration section */
		8ADD0D6B1B53D5F800B1F87D /* Debug */ = {
			isa = XCBuildConfiguration;
			buildSettings = {
				ALWAYS_SEARCH_USER_PATHS = NO;
				CLANG_CXX_LANGUAGE_STANDARD = "gnu++0x";
				CLANG_CXX_LIBRARY = "libc++";
				CLANG_ENABLE_MODULES = YES;
				CLANG_ENABLE_OBJC_ARC = YES;
				CLANG_WARN_BOOL_CONVERSION = YES;
				CLANG_WARN_CONSTANT_CONVERSION = YES;
				CLANG_WARN_DIRECT_OBJC_ISA_USAGE = YES_ERROR;
				CLANG_WARN_EMPTY_BODY = YES;
				CLANG_WARN_ENUM_CONVERSION = YES;
				CLANG_WARN_INT_CONVERSION = YES;
				CLANG_WARN_OBJC_ROOT_CLASS = YES_ERROR;
				CLANG_WARN_UNREACHABLE_CODE = YES;
				CLANG_WARN__DUPLICATE_METHOD_MATCH = YES;
				"CODE_SIGN_IDENTITY[sdk=iphoneos*]" = "iPhone Developer";
				COPY_PHASE_STRIP = NO;
				DEBUG_INFORMATION_FORMAT = "dwarf-with-dsym";
				ENABLE_STRICT_OBJC_MSGSEND = YES;
				GCC_C_LANGUAGE_STANDARD = gnu99;
				GCC_DYNAMIC_NO_PIC = NO;
				GCC_NO_COMMON_BLOCKS = YES;
				GCC_OPTIMIZATION_LEVEL = 0;
				GCC_PREPROCESSOR_DEFINITIONS = (
					"DEBUG=1",
					"$(inherited)",
				);
				GCC_SYMBOLS_PRIVATE_EXTERN = NO;
				GCC_WARN_64_TO_32_BIT_CONVERSION = YES;
				GCC_WARN_ABOUT_RETURN_TYPE = YES_ERROR;
				GCC_WARN_UNDECLARED_SELECTOR = YES;
				GCC_WARN_UNINITIALIZED_AUTOS = YES_AGGRESSIVE;
				GCC_WARN_UNUSED_FUNCTION = YES;
				GCC_WARN_UNUSED_VARIABLE = YES;
				IPHONEOS_DEPLOYMENT_TARGET = 8.4;
				MTL_ENABLE_DEBUG_INFO = YES;
				ONLY_ACTIVE_ARCH = YES;
				SDKROOT = iphoneos;
				TARGETED_DEVICE_FAMILY = "1,2";
			};
			name = Debug;
		};
		8ADD0D6C1B53D5F800B1F87D /* Release */ = {
			isa = XCBuildConfiguration;
			buildSettings = {
				ALWAYS_SEARCH_USER_PATHS = NO;
				CLANG_CXX_LANGUAGE_STANDARD = "gnu++0x";
				CLANG_CXX_LIBRARY = "libc++";
				CLANG_ENABLE_MODULES = YES;
				CLANG_ENABLE_OBJC_ARC = YES;
				CLANG_WARN_BOOL_CONVERSION = YES;
				CLANG_WARN_CONSTANT_CONVERSION = YES;
				CLANG_WARN_DIRECT_OBJC_ISA_USAGE = YES_ERROR;
				CLANG_WARN_EMPTY_BODY = YES;
				CLANG_WARN_ENUM_CONVERSION = YES;
				CLANG_WARN_INT_CONVERSION = YES;
				CLANG_WARN_OBJC_ROOT_CLASS = YES_ERROR;
				CLANG_WARN_UNREACHABLE_CODE = YES;
				CLANG_WARN__DUPLICATE_METHOD_MATCH = YES;
				"CODE_SIGN_IDENTITY[sdk=iphoneos*]" = "iPhone Developer";
				COPY_PHASE_STRIP = NO;
				DEBUG_INFORMATION_FORMAT = "dwarf-with-dsym";
				ENABLE_NS_ASSERTIONS = NO;
				ENABLE_STRICT_OBJC_MSGSEND = YES;
				GCC_C_LANGUAGE_STANDARD = gnu99;
				GCC_NO_COMMON_BLOCKS = YES;
				GCC_WARN_64_TO_32_BIT_CONVERSION = YES;
				GCC_WARN_ABOUT_RETURN_TYPE = YES_ERROR;
				GCC_WARN_UNDECLARED_SELECTOR = YES;
				GCC_WARN_UNINITIALIZED_AUTOS = YES_AGGRESSIVE;
				GCC_WARN_UNUSED_FUNCTION = YES;
				GCC_WARN_UNUSED_VARIABLE = YES;
				IPHONEOS_DEPLOYMENT_TARGET = 8.4;
				MTL_ENABLE_DEBUG_INFO = NO;
				SDKROOT = iphoneos;
				TARGETED_DEVICE_FAMILY = "1,2";
				VALIDATE_PRODUCT = YES;
			};
			name = Release;
		};
		8ADD0D6E1B53D5F800B1F87D /* Debug */ = {
			isa = XCBuildConfiguration;
			buildSettings = {
				ASSETCATALOG_COMPILER_APPICON_NAME = AppIcon;
				INFOPLIST_FILE = LayerDemo/Info.plist;
				LD_RUNPATH_SEARCH_PATHS = "$(inherited) @executable_path/Frameworks";
				PRODUCT_NAME = "$(TARGET_NAME)";
			};
			name = Debug;
		};
		8ADD0D6F1B53D5F800B1F87D /* Release */ = {
			isa = XCBuildConfiguration;
			buildSettings = {
				ASSETCATALOG_COMPILER_APPICON_NAME = AppIcon;
				INFOPLIST_FILE = LayerDemo/Info.plist;
				LD_RUNPATH_SEARCH_PATHS = "$(inherited) @executable_path/Frameworks";
				PRODUCT_NAME = "$(TARGET_NAME)";
			};
			name = Release;
		};
		8ADD0D711B53D5F800B1F87D /* Debug */ = {
			isa = XCBuildConfiguration;
			buildSettings = {
				BUNDLE_LOADER = "$(TEST_HOST)";
				FRAMEWORK_SEARCH_PATHS = (
					"$(SDKROOT)/Developer/Library/Frameworks",
					"$(inherited)",
				);
				GCC_PREPROCESSOR_DEFINITIONS = (
					"DEBUG=1",
					"$(inherited)",
				);
				INFOPLIST_FILE = LayerDemoTests/Info.plist;
				LD_RUNPATH_SEARCH_PATHS = "$(inherited) @executable_path/Frameworks @loader_path/Frameworks";
				PRODUCT_NAME = "$(TARGET_NAME)";
				TEST_HOST = "$(BUILT_PRODUCTS_DIR)/LayerDemo.app/LayerDemo";
			};
			name = Debug;
		};
		8ADD0D721B53D5F800B1F87D /* Release */ = {
			isa = XCBuildConfiguration;
			buildSettings = {
				BUNDLE_LOADER = "$(TEST_HOST)";
				FRAMEWORK_SEARCH_PATHS = (
					"$(SDKROOT)/Developer/Library/Frameworks",
					"$(inherited)",
				);
				INFOPLIST_FILE = LayerDemoTests/Info.plist;
				LD_RUNPATH_SEARCH_PATHS = "$(inherited) @executable_path/Frameworks @loader_path/Frameworks";
				PRODUCT_NAME = "$(TARGET_NAME)";
				TEST_HOST = "$(BUILT_PRODUCTS_DIR)/LayerDemo.app/LayerDemo";
			};
			name = Release;
		};
/* End XCBuildConfiguration section */

/* Begin XCConfigurationList section */
		8ADD0D421B53D5F800B1F87D /* Build configuration list for PBXProject "LayerDemo" */ = {
			isa = XCConfigurationList;
			buildConfigurations = (
				8ADD0D6B1B53D5F800B1F87D /* Debug */,
				8ADD0D6C1B53D5F800B1F87D /* Release */,
			);
			defaultConfigurationIsVisible = 0;
			defaultConfigurationName = Release;
		};
		8ADD0D6D1B53D5F800B1F87D /* Build configuration list for PBXNativeTarget "LayerDemo" */ = {
			isa = XCConfigurationList;
			buildConfigurations = (
				8ADD0D6E1B53D5F800B1F87D /* Debug */,
				8ADD0D6F1B53D5F800B1F87D /* Release */,
			);
			defaultConfigurationIsVisible = 0;
		};
		8ADD0D701B53D5F800B1F87D /* Build configuration list for PBXNativeTarget "LayerDemoTests" */ = {
			isa = XCConfigurationList;
			buildConfigurations = (
				8ADD0D711B53D5F800B1F87D /* Debug */,
				8ADD0D721B53D5F800B1F87D /* Release */,
			);
			defaultConfigurationIsVisible = 0;
		};
/* End XCConfigurationList section */
	};
	rootObject = 8ADD0D3F1B53D5F800B1F87D /* Project object */;
}
